
Microsoft Visual Studio Solution File, Format Version 12.00
# Visual Studio 15
Project("{FAE04EC0-301F-11D3-BF4B-00C04F79EFBC}") = "Assembly-CSharp", "Assembly-CSharp.csproj", "{14307381-9E30-C5F1-A849-18DAF128DEF6}"
EndProject
Project("{FAE04EC0-301F-11D3-BF4B-00C04F79EFBC}") = "Assembly-CSharp-Editor", "Assembly-CSharp-Editor.csproj", "{87B23AF7-6F29-EAD3-0186-5B7081872BC0}"
EndProject
Global
	GlobalSection(SolutionConfigurationPlatforms) = preSolution
		Debug|Any CPU = Debug|Any CPU
		Release|Any CPU = Release|Any CPU
	EndGlobalSection
	GlobalSection(ProjectConfigurationPlatforms) = postSolution
		{14307381-9E30-C5F1-A849-18DAF128DEF6}.Debug|Any CPU.ActiveCfg = Debug|Any CPU
		{14307381-9E30-C5F1-A849-18DAF128DEF6}.Debug|Any CPU.Build.0 = Debug|Any CPU
		{14307381-9E30-C5F1-A849-18DAF128DEF6}.Release|Any CPU.ActiveCfg = Release|Any CPU
		{14307381-9E30-C5F1-A849-18DAF128DEF6}.Release|Any CPU.Build.0 = Release|Any CPU
		{87B23AF7-6F29-EAD3-0186-5B7081872BC0}.Debug|Any CPU.ActiveCfg = Debug|Any CPU
		{87B23AF7-6F29-EAD3-0186-5B7081872BC0}.Debug|Any CPU.Build.0 = Debug|Any CPU
		{87B23AF7-6F29-EAD3-0186-5B7081872BC0}.Release|Any CPU.ActiveCfg = Release|Any CPU
		{87B23AF7-6F29-EAD3-0186-5B7081872BC0}.Release|Any CPU.Build.0 = Release|Any CPU
	EndGlobalSection
	GlobalSection(SolutionProperties) = preSolution
		HideSolutionNode = FALSE
	EndGlobalSection
EndGlobal
